
Microsoft Visual Studio Solution File, Format Version 12.00
# Visual Studio Version 17
VisualStudioVersion = 17.0.32112.339
MinimumVisualStudioVersion = 10.0.40219.1
Project("{9A19103F-16F7-4668-BE54-9A1E7A4F7556}") = "CookingHeaven", "CookingHeaven.csproj", "{4A434FED-F0BD-4323-9398-590AFF8C07EC}"
EndProject
Project("{2150E333-8FDC-42A3-9474-1A3956D46DE8}") = "Solution Items", "Solution Items", "{F5FC769F-2EB9-4D7E-87A0-B725806F4336}"
	ProjectSection(SolutionItems) = preProject
		.editorconfig = .editorconfig
	EndProjectSection
EndProject
Global
	GlobalSection(SolutionConfigurationPlatforms) = preSolution
		Debug|Any CPU = Debug|Any CPU
		Release|Any CPU = Release|Any CPU
	EndGlobalSection
	GlobalSection(ProjectConfigurationPlatforms) = postSolution
		{4A434FED-F0BD-4323-9398-590AFF8C07EC}.Debug|Any CPU.ActiveCfg = Debug|Any CPU
		{4A434FED-F0BD-4323-9398-590AFF8C07EC}.Debug|Any CPU.Build.0 = Debug|Any CPU
		{4A434FED-F0BD-4323-9398-590AFF8C07EC}.Release|Any CPU.ActiveCfg = Release|Any CPU
		{4A434FED-F0BD-4323-9398-590AFF8C07EC}.Release|Any CPU.Build.0 = Release|Any CPU
	EndGlobalSection
	GlobalSection(SolutionProperties) = preSolution
		HideSolutionNode = FALSE
	EndGlobalSection
	GlobalSection(ExtensibilityGlobals) = postSolution
		SolutionGuid = {EA681965-5E40-4D7A-BA7B-238A85998FC5}
	EndGlobalSection
EndGlobal
